
Microsoft Visual Studio Solution File, Format Version 12.00
# Visual Studio Version 16
VisualStudioVersion = 16.0.32126.315
MinimumVisualStudioVersion = 10.0.40219.1
Project("{9A19103F-16F7-4668-BE54-9A1E7A4F7556}") = "PersonInfo", "interfacesAndAbstraction\PersonInfo.csproj", "{828D9E4C-A838-4C5A-AE5B-A9CDB42B3BCD}"
EndProject
Project("{FAE04EC0-301F-11D3-BF4B-00C04F79EFBC}") = "MultipleImplementation", "MultipleImplementation\MultipleImplementation.csproj", "{5508D157-0288-4ABA-A73F-9082451F3C31}"
EndProject
Project("{FAE04EC0-301F-11D3-BF4B-00C04F79EFBC}") = "Telephony", "Telephony\Telephony.csproj", "{EF710264-18CE-4336-975A-D82531FD23D2}"
EndProject
Project("{FAE04EC0-301F-11D3-BF4B-00C04F79EFBC}") = "BorderControl", "BorderControl\BorderControl.csproj", "{D40C54C9-11FB-4FD5-B998-944259F5BC5A}"
EndProject
Project("{FAE04EC0-301F-11D3-BF4B-00C04F79EFBC}") = "BirthdayCelebrations", "BirthdayCelebrations\BirthdayCelebrations.csproj", "{89FDA76F-E846-42F5-8F6A-7FEA54B5A25E}"
EndProject
Project("{FAE04EC0-301F-11D3-BF4B-00C04F79EFBC}") = "FoodShortage", "FoodShortage\FoodShortage.csproj", "{EF52339F-395F-48D6-8BE1-6075351A47BA}"
EndProject
Global
	GlobalSection(SolutionConfigurationPlatforms) = preSolution
		Debug|Any CPU = Debug|Any CPU
		Release|Any CPU = Release|Any CPU
	EndGlobalSection
	GlobalSection(ProjectConfigurationPlatforms) = postSolution
		{828D9E4C-A838-4C5A-AE5B-A9CDB42B3BCD}.Debug|Any CPU.ActiveCfg = Debug|Any CPU
		{828D9E4C-A838-4C5A-AE5B-A9CDB42B3BCD}.Debug|Any CPU.Build.0 = Debug|Any CPU
		{828D9E4C-A838-4C5A-AE5B-A9CDB42B3BCD}.Release|Any CPU.ActiveCfg = Release|Any CPU
		{828D9E4C-A838-4C5A-AE5B-A9CDB42B3BCD}.Release|Any CPU.Build.0 = Release|Any CPU
		{5508D157-0288-4ABA-A73F-9082451F3C31}.Debug|Any CPU.ActiveCfg = Debug|Any CPU
		{5508D157-0288-4ABA-A73F-9082451F3C31}.Debug|Any CPU.Build.0 = Debug|Any CPU
		{5508D157-0288-4ABA-A73F-9082451F3C31}.Release|Any CPU.ActiveCfg = Release|Any CPU
		{5508D157-0288-4ABA-A73F-9082451F3C31}.Release|Any CPU.Build.0 = Release|Any CPU
		{EF710264-18CE-4336-975A-D82531FD23D2}.Debug|Any CPU.ActiveCfg = Debug|Any CPU
		{EF710264-18CE-4336-975A-D82531FD23D2}.Debug|Any CPU.Build.0 = Debug|Any CPU
		{EF710264-18CE-4336-975A-D82531FD23D2}.Release|Any CPU.ActiveCfg = Release|Any CPU
		{EF710264-18CE-4336-975A-D82531FD23D2}.Release|Any CPU.Build.0 = Release|Any CPU
		{D40C54C9-11FB-4FD5-B998-944259F5BC5A}.Debug|Any CPU.ActiveCfg = Debug|Any CPU
		{D40C54C9-11FB-4FD5-B998-944259F5BC5A}.Debug|Any CPU.Build.0 = Debug|Any CPU
		{D40C54C9-11FB-4FD5-B998-944259F5BC5A}.Release|Any CPU.ActiveCfg = Release|Any CPU
		{D40C54C9-11FB-4FD5-B998-944259F5BC5A}.Release|Any CPU.Build.0 = Release|Any CPU
		{89FDA76F-E846-42F5-8F6A-7FEA54B5A25E}.Debug|Any CPU.ActiveCfg = Debug|Any CPU
		{89FDA76F-E846-42F5-8F6A-7FEA54B5A25E}.Debug|Any CPU.Build.0 = Debug|Any CPU
		{89FDA76F-E846-42F5-8F6A-7FEA54B5A25E}.Release|Any CPU.ActiveCfg = Release|Any CPU
		{89FDA76F-E846-42F5-8F6A-7FEA54B5A25E}.Release|Any CPU.Build.0 = Release|Any CPU
		{EF52339F-395F-48D6-8BE1-6075351A47BA}.Debug|Any CPU.ActiveCfg = Debug|Any CPU
		{EF52339F-395F-48D6-8BE1-6075351A47BA}.Debug|Any CPU.Build.0 = Debug|Any CPU
		{EF52339F-395F-48D6-8BE1-6075351A47BA}.Release|Any CPU.ActiveCfg = Release|Any CPU
		{EF52339F-395F-48D6-8BE1-6075351A47BA}.Release|Any CPU.Build.0 = Release|Any CPU
	EndGlobalSection
	GlobalSection(SolutionProperties) = preSolution
		HideSolutionNode = FALSE
	EndGlobalSection
	GlobalSection(ExtensibilityGlobals) = postSolution
		SolutionGuid = {D9B46F02-C8C9-4230-B3AA-85029AE9DFDD}
	EndGlobalSection
EndGlobal
