
Microsoft Visual Studio Solution File, Format Version 12.00
# Visual Studio Version 16
VisualStudioVersion = 16.0.32126.315
MinimumVisualStudioVersion = 10.0.40219.1
Project("{FAE04EC0-301F-11D3-BF4B-00C04F79EFBC}") = "ValidationAttributes", "ValidationAttributes\ValidationAttributes.csproj", "{0FF41937-B9C9-40F6-BCC0-6A68A61A2B3B}"
EndProject
Project("{FAE04EC0-301F-11D3-BF4B-00C04F79EFBC}") = "CommandPattern", "CommandPattern\CommandPattern.csproj", "{848E1BF5-05A9-427F-8BB3-EC4CD515C346}"
EndProject
Global
	GlobalSection(SolutionConfigurationPlatforms) = preSolution
		Debug|Any CPU = Debug|Any CPU
		Release|Any CPU = Release|Any CPU
	EndGlobalSection
	GlobalSection(ProjectConfigurationPlatforms) = postSolution
		{0FF41937-B9C9-40F6-BCC0-6A68A61A2B3B}.Debug|Any CPU.ActiveCfg = Debug|Any CPU
		{0FF41937-B9C9-40F6-BCC0-6A68A61A2B3B}.Debug|Any CPU.Build.0 = Debug|Any CPU
		{0FF41937-B9C9-40F6-BCC0-6A68A61A2B3B}.Release|Any CPU.ActiveCfg = Release|Any CPU
		{0FF41937-B9C9-40F6-BCC0-6A68A61A2B3B}.Release|Any CPU.Build.0 = Release|Any CPU
		{848E1BF5-05A9-427F-8BB3-EC4CD515C346}.Debug|Any CPU.ActiveCfg = Debug|Any CPU
		{848E1BF5-05A9-427F-8BB3-EC4CD515C346}.Debug|Any CPU.Build.0 = Debug|Any CPU
		{848E1BF5-05A9-427F-8BB3-EC4CD515C346}.Release|Any CPU.ActiveCfg = Release|Any CPU
		{848E1BF5-05A9-427F-8BB3-EC4CD515C346}.Release|Any CPU.Build.0 = Release|Any CPU
	EndGlobalSection
	GlobalSection(SolutionProperties) = preSolution
		HideSolutionNode = FALSE
	EndGlobalSection
	GlobalSection(ExtensibilityGlobals) = postSolution
		SolutionGuid = {9D77F14C-196E-4104-8ABE-F46CF19AF27F}
	EndGlobalSection
EndGlobal
